
Microsoft Visual Studio Solution File, Format Version 12.00
# Visual Studio Version 17
VisualStudioVersion = 17.13.35806.99
MinimumVisualStudioVersion = 10.0.40219.1
Project("{FAE04EC0-301F-11D3-BF4B-00C04F79EFBC}") = "L20250318", "L20250318\L20250318.csproj", "{88E9910A-F74A-46BA-B640-41C38E315EFD}"
EndProject
Project("{FAE04EC0-301F-11D3-BF4B-00C04F79EFBC}") = "Client", "Client\Client.csproj", "{B3FD68B0-EF38-48B8-8C27-E58388E99DAF}"
EndProject
Global
	GlobalSection(SolutionConfigurationPlatforms) = preSolution
		Debug|Any CPU = Debug|Any CPU
		Release|Any CPU = Release|Any CPU
	EndGlobalSection
	GlobalSection(ProjectConfigurationPlatforms) = postSolution
		{88E9910A-F74A-46BA-B640-41C38E315EFD}.Debug|Any CPU.ActiveCfg = Debug|Any CPU
		{88E9910A-F74A-46BA-B640-41C38E315EFD}.Debug|Any CPU.Build.0 = Debug|Any CPU
		{88E9910A-F74A-46BA-B640-41C38E315EFD}.Release|Any CPU.ActiveCfg = Release|Any CPU
		{88E9910A-F74A-46BA-B640-41C38E315EFD}.Release|Any CPU.Build.0 = Release|Any CPU
		{B3FD68B0-EF38-48B8-8C27-E58388E99DAF}.Debug|Any CPU.ActiveCfg = Debug|Any CPU
		{B3FD68B0-EF38-48B8-8C27-E58388E99DAF}.Debug|Any CPU.Build.0 = Debug|Any CPU
		{B3FD68B0-EF38-48B8-8C27-E58388E99DAF}.Release|Any CPU.ActiveCfg = Release|Any CPU
		{B3FD68B0-EF38-48B8-8C27-E58388E99DAF}.Release|Any CPU.Build.0 = Release|Any CPU
	EndGlobalSection
	GlobalSection(SolutionProperties) = preSolution
		HideSolutionNode = FALSE
	EndGlobalSection
	GlobalSection(ExtensibilityGlobals) = postSolution
		SolutionGuid = {9BE87AE9-3AF9-4860-B6B2-BF0D8D388E47}
	EndGlobalSection
EndGlobal
