
Microsoft Visual Studio Solution File, Format Version 12.00
# Visual Studio Version 17
VisualStudioVersion = 17.13.35806.99 d17.13
MinimumVisualStudioVersion = 10.0.40219.1
Project("{FAE04EC0-301F-11D3-BF4B-00C04F79EFBC}") = "L20250318_UDPServer", "L20250318_UDPServer.csproj", "{CFD77DCF-6186-4A30-BA55-B3144A3B1878}"
EndProject
Global
	GlobalSection(SolutionConfigurationPlatforms) = preSolution
		Debug|Any CPU = Debug|Any CPU
		Release|Any CPU = Release|Any CPU
	EndGlobalSection
	GlobalSection(ProjectConfigurationPlatforms) = postSolution
		{CFD77DCF-6186-4A30-BA55-B3144A3B1878}.Debug|Any CPU.ActiveCfg = Debug|Any CPU
		{CFD77DCF-6186-4A30-BA55-B3144A3B1878}.Debug|Any CPU.Build.0 = Debug|Any CPU
		{CFD77DCF-6186-4A30-BA55-B3144A3B1878}.Release|Any CPU.ActiveCfg = Release|Any CPU
		{CFD77DCF-6186-4A30-BA55-B3144A3B1878}.Release|Any CPU.Build.0 = Release|Any CPU
	EndGlobalSection
	GlobalSection(SolutionProperties) = preSolution
		HideSolutionNode = FALSE
	EndGlobalSection
	GlobalSection(ExtensibilityGlobals) = postSolution
		SolutionGuid = {C40E5CD2-AF15-4B13-976A-4053A9072B86}
	EndGlobalSection
EndGlobal
