
Microsoft Visual Studio Solution File, Format Version 12.00
# Visual Studio Version 17
VisualStudioVersion = 17.13.35806.99 d17.13
MinimumVisualStudioVersion = 10.0.40219.1
Project("{FAE04EC0-301F-11D3-BF4B-00C04F79EFBC}") = "MySQLClinet", "MySQLClinet.csproj", "{E72CED15-7A4C-42D2-839B-A7AAECE1CC97}"
EndProject
Global
	GlobalSection(SolutionConfigurationPlatforms) = preSolution
		Debug|Any CPU = Debug|Any CPU
		Release|Any CPU = Release|Any CPU
	EndGlobalSection
	GlobalSection(ProjectConfigurationPlatforms) = postSolution
		{E72CED15-7A4C-42D2-839B-A7AAECE1CC97}.Debug|Any CPU.ActiveCfg = Debug|Any CPU
		{E72CED15-7A4C-42D2-839B-A7AAECE1CC97}.Debug|Any CPU.Build.0 = Debug|Any CPU
		{E72CED15-7A4C-42D2-839B-A7AAECE1CC97}.Release|Any CPU.ActiveCfg = Release|Any CPU
		{E72CED15-7A4C-42D2-839B-A7AAECE1CC97}.Release|Any CPU.Build.0 = Release|Any CPU
	EndGlobalSection
	GlobalSection(SolutionProperties) = preSolution
		HideSolutionNode = FALSE
	EndGlobalSection
	GlobalSection(ExtensibilityGlobals) = postSolution
		SolutionGuid = {DD000D24-5BF8-4CA0-9D6D-3E3B10F4C021}
	EndGlobalSection
EndGlobal
